
Microsoft Visual Studio Solution File, Format Version 12.00
# Visual Studio Version 16
VisualStudioVersion = 16.0.28803.452
MinimumVisualStudioVersion = 10.0.40219.1
Project("{9A19103F-16F7-4668-BE54-9A1E7A4F7556}") = "Pyhh.VkApi", "Pyhh.VkApi\Pyhh.VkApi.csproj", "{68E607E2-22A8-4F6B-913B-45C645356FE3}"
EndProject
Project("{9A19103F-16F7-4668-BE54-9A1E7A4F7556}") = "Pyhh.Browsing", "Pyhh.Browsing\Pyhh.Browsing.csproj", "{A9EAA11A-AB9F-4EDC-A0F3-B91E46178A8B}"
EndProject
Project("{9A19103F-16F7-4668-BE54-9A1E7A4F7556}") = "Pyhh.ExpertSearcher", "Pyhh.ExpertSearcher\Pyhh.ExpertSearcher.csproj", "{3497B8D3-5185-4C4D-A1BA-AF703BAEB4C1}"
EndProject
Project("{2150E333-8FDC-42A3-9474-1A3956D46DE8}") = "Solution Items", "Solution Items", "{91B33874-8188-4BB2-A494-C5CF111BCAF1}"
	ProjectSection(SolutionItems) = preProject
		README.md = README.md
	EndProjectSection
EndProject
Global
	GlobalSection(SolutionConfigurationPlatforms) = preSolution
		Debug|Any CPU = Debug|Any CPU
		Release|Any CPU = Release|Any CPU
	EndGlobalSection
	GlobalSection(ProjectConfigurationPlatforms) = postSolution
		{68E607E2-22A8-4F6B-913B-45C645356FE3}.Debug|Any CPU.ActiveCfg = Debug|Any CPU
		{68E607E2-22A8-4F6B-913B-45C645356FE3}.Debug|Any CPU.Build.0 = Debug|Any CPU
		{68E607E2-22A8-4F6B-913B-45C645356FE3}.Release|Any CPU.ActiveCfg = Release|Any CPU
		{68E607E2-22A8-4F6B-913B-45C645356FE3}.Release|Any CPU.Build.0 = Release|Any CPU
		{A9EAA11A-AB9F-4EDC-A0F3-B91E46178A8B}.Debug|Any CPU.ActiveCfg = Debug|Any CPU
		{A9EAA11A-AB9F-4EDC-A0F3-B91E46178A8B}.Debug|Any CPU.Build.0 = Debug|Any CPU
		{A9EAA11A-AB9F-4EDC-A0F3-B91E46178A8B}.Release|Any CPU.ActiveCfg = Release|Any CPU
		{A9EAA11A-AB9F-4EDC-A0F3-B91E46178A8B}.Release|Any CPU.Build.0 = Release|Any CPU
		{3497B8D3-5185-4C4D-A1BA-AF703BAEB4C1}.Debug|Any CPU.ActiveCfg = Debug|Any CPU
		{3497B8D3-5185-4C4D-A1BA-AF703BAEB4C1}.Debug|Any CPU.Build.0 = Debug|Any CPU
		{3497B8D3-5185-4C4D-A1BA-AF703BAEB4C1}.Release|Any CPU.ActiveCfg = Release|Any CPU
		{3497B8D3-5185-4C4D-A1BA-AF703BAEB4C1}.Release|Any CPU.Build.0 = Release|Any CPU
	EndGlobalSection
	GlobalSection(SolutionProperties) = preSolution
		HideSolutionNode = FALSE
	EndGlobalSection
	GlobalSection(ExtensibilityGlobals) = postSolution
		SolutionGuid = {13C1486A-826C-4724-870D-6FBB5EC7AF3A}
	EndGlobalSection
EndGlobal
